
Microsoft Visual Studio Solution File, Format Version 12.00
# Visual Studio Version 17
VisualStudioVersion = 17.13.35825.156 d17.13
MinimumVisualStudioVersion = 10.0.40219.1
Project("{FAE04EC0-301F-11D3-BF4B-00C04F79EFBC}") = "DesignerMobile", "DesignerMobile\DesignerMobile.csproj", "{71A99732-A468-48AC-A96A-99F114EFA814}"
EndProject
Global
	GlobalSection(SolutionConfigurationPlatforms) = preSolution
		Debug|Any CPU = Debug|Any CPU
		Release|Any CPU = Release|Any CPU
	EndGlobalSection
	GlobalSection(ProjectConfigurationPlatforms) = postSolution
		{71A99732-A468-48AC-A96A-99F114EFA814}.Debug|Any CPU.ActiveCfg = Debug|Any CPU
		{71A99732-A468-48AC-A96A-99F114EFA814}.Debug|Any CPU.Build.0 = Debug|Any CPU
		{71A99732-A468-48AC-A96A-99F114EFA814}.Release|Any CPU.ActiveCfg = Release|Any CPU
		{71A99732-A468-48AC-A96A-99F114EFA814}.Release|Any CPU.Build.0 = Release|Any CPU
	EndGlobalSection
	GlobalSection(SolutionProperties) = preSolution
		HideSolutionNode = FALSE
	EndGlobalSection
	GlobalSection(ExtensibilityGlobals) = postSolution
		SolutionGuid = {37DC273C-B5F7-48B3-88D3-F78DD1782087}
	EndGlobalSection
EndGlobal
